# Generated by tools/codegen/stub_fiches.py. Nothing here is a wire format:
# a name and a handler address say what the client calls this and that it has
# code for it, not what the packet contains. Fill in `layout` from evidence.
id: 0x0946
name: SMSG_PATCH_LOCK
direction: server_to_client
status: hypothetical
evidence: L1
client_builds:
  - ascension-extensions-2026-08-13

summary: >
  One row of the stock Lock.dbc (AzerothCore already loads this table; ADR 0005), sent as the single 132-byte blob the handler at RVA 0x0022ece0 reads (L3). Nothing was elided (33 cols x 4 bytes = 132 bytes matches the client header exactly). 25 of 33 columns (ID plus the 8-wide Type/Index/Skill arrays) are active LockEntry members and named from DBCStructure.h; the 8-wide Action array is entirely commented out in the core and stays as unnamed 'x' columns (L1 throughout).

layout:
  - name: ID
    type: u32
    notes: active LockEntry member
    evidence: L1
  - name: Type[0]
    type: u32
    notes: active LockEntry member (Type[MAX_LOCK_CASE])
    evidence: L1
  - name: Type[1]
    type: u32
    notes: active LockEntry member (Type[MAX_LOCK_CASE])
    evidence: L1
  - name: Type[2]
    type: u32
    notes: active LockEntry member (Type[MAX_LOCK_CASE])
    evidence: L1
  - name: Type[3]
    type: u32
    notes: active LockEntry member (Type[MAX_LOCK_CASE])
    evidence: L1
  - name: Type[4]
    type: u32
    notes: active LockEntry member (Type[MAX_LOCK_CASE])
    evidence: L1
  - name: Type[5]
    type: u32
    notes: active LockEntry member (Type[MAX_LOCK_CASE])
    evidence: L1
  - name: Type[6]
    type: u32
    notes: active LockEntry member (Type[MAX_LOCK_CASE])
    evidence: L1
  - name: Type[7]
    type: u32
    notes: active LockEntry member (Type[MAX_LOCK_CASE])
    evidence: L1
  - name: Index[0]
    type: u32
    notes: active LockEntry member (Index[MAX_LOCK_CASE])
    evidence: L1
  - name: Index[1]
    type: u32
    notes: active LockEntry member (Index[MAX_LOCK_CASE])
    evidence: L1
  - name: Index[2]
    type: u32
    notes: active LockEntry member (Index[MAX_LOCK_CASE])
    evidence: L1
  - name: Index[3]
    type: u32
    notes: active LockEntry member (Index[MAX_LOCK_CASE])
    evidence: L1
  - name: Index[4]
    type: u32
    notes: active LockEntry member (Index[MAX_LOCK_CASE])
    evidence: L1
  - name: Index[5]
    type: u32
    notes: active LockEntry member (Index[MAX_LOCK_CASE])
    evidence: L1
  - name: Index[6]
    type: u32
    notes: active LockEntry member (Index[MAX_LOCK_CASE])
    evidence: L1
  - name: Index[7]
    type: u32
    notes: active LockEntry member (Index[MAX_LOCK_CASE])
    evidence: L1
  - name: Skill[0]
    type: u32
    notes: active LockEntry member (Skill[MAX_LOCK_CASE])
    evidence: L1
  - name: Skill[1]
    type: u32
    notes: active LockEntry member (Skill[MAX_LOCK_CASE])
    evidence: L1
  - name: Skill[2]
    type: u32
    notes: active LockEntry member (Skill[MAX_LOCK_CASE])
    evidence: L1
  - name: Skill[3]
    type: u32
    notes: active LockEntry member (Skill[MAX_LOCK_CASE])
    evidence: L1
  - name: Skill[4]
    type: u32
    notes: active LockEntry member (Skill[MAX_LOCK_CASE])
    evidence: L1
  - name: Skill[5]
    type: u32
    notes: active LockEntry member (Skill[MAX_LOCK_CASE])
    evidence: L1
  - name: Skill[6]
    type: u32
    notes: active LockEntry member (Skill[MAX_LOCK_CASE])
    evidence: L1
  - name: Skill[7]
    type: u32
    notes: active LockEntry member (Skill[MAX_LOCK_CASE])
    evidence: L1
  - name: field_25
    type: u32
    notes: 'core format char ''x''/''X'' at this column: skipped, no name in DBCStructure.h'
    evidence: L1
  - name: field_26
    type: u32
    notes: 'core format char ''x''/''X'' at this column: skipped, no name in DBCStructure.h'
    evidence: L1
  - name: field_27
    type: u32
    notes: 'core format char ''x''/''X'' at this column: skipped, no name in DBCStructure.h'
    evidence: L1
  - name: field_28
    type: u32
    notes: 'core format char ''x''/''X'' at this column: skipped, no name in DBCStructure.h'
    evidence: L1
  - name: field_29
    type: u32
    notes: 'core format char ''x''/''X'' at this column: skipped, no name in DBCStructure.h'
    evidence: L1
  - name: field_30
    type: u32
    notes: 'core format char ''x''/''X'' at this column: skipped, no name in DBCStructure.h'
    evidence: L1
  - name: field_31
    type: u32
    notes: 'core format char ''x''/''X'' at this column: skipped, no name in DBCStructure.h'
    evidence: L1
  - name: field_32
    type: u32
    notes: 'core format char ''x''/''X'' at this column: skipped, no name in DBCStructure.h'
    evidence: L1
# Read from AzerothCore src/server/shared/DataStores/DBCStructure.h (LockEntry) and DBCfmt.h (LockEntryfmt), read directly, cross-checked against the client DBC header in client/patch-table-names.md.

client:
  handler:
    rva: "0x0022ece0"
    registration_site_rva: "0x00228edd"
    evidence: L3

provenance:
  - level: L1
    source: "AzerothCore src/server/shared/DataStores/DBCStructure.h (LockEntry) and DBCfmt.h (LockEntryfmt), read directly, cross-checked against the client DBC header in client/patch-table-names.md"
    claim: "the layout: widths, order, repeat structure and field names"
  - level: L3
    source: "client/symbols/ascension-extensions-2026-08-13/handler-fire.yaml (decompiled read sequence)"
    claim: "the read widths and their order, as decompiled"
  - level: L3
    source: "client/symbols/ascension-extensions-2026-08-13/opcodes.yaml (opcode-name switch)"
    claim: "opcode 0x0946 is named SMSG_PATCH_LOCK"
  - level: L3
    source: "client/symbols/ascension-extensions-2026-08-13/handlers.yaml (handler registration scan)"
    claim: "the client registers a handler for it"

replay: null
